{
    "compatTestCompile": {
        "org.ajoberstar:grgit": {
            "locked": "2.2.0",
            "requested": "[2.0.0,)"
        },
        "org.spockframework:spock-core": {
            "locked": "1.1-groovy-2.4",
            "requested": "1.1-groovy-2.4"
        }
    },
    "compatTestCompileClasspath": {
        "org.ajoberstar:grgit": {
            "locked": "2.2.0",
            "requested": "[2.0.0,)"
        },
        "org.spockframework:spock-core": {
            "locked": "1.1-groovy-2.4",
            "requested": "1.1-groovy-2.4"
        }
    },
    "compatTestRuntime": {
        "org.ajoberstar:grgit": {
            "locked": "2.2.0",
            "requested": "[2.0.0,)"
        },
        "org.spockframework:spock-core": {
            "locked": "1.1-groovy-2.4",
            "requested": "1.1-groovy-2.4"
        }
    },
    "compatTestRuntimeClasspath": {
        "org.ajoberstar:grgit": {
            "locked": "2.2.0",
            "requested": "[2.0.0,)"
        },
        "org.spockframework:spock-core": {
            "locked": "1.1-groovy-2.4",
            "requested": "1.1-groovy-2.4"
        }
    },
    "compile": {
        "org.ajoberstar:grgit": {
            "locked": "2.2.0",
            "requested": "[2.0.0,)"
        }
    },
    "compileClasspath": {
        "org.ajoberstar:grgit": {
            "locked": "2.2.0",
            "requested": "[2.0.0,)"
        }
    },
    "default": {
        "org.ajoberstar:grgit": {
            "locked": "2.2.0",
            "requested": "[2.0.0,)"
        }
    },
    "runtime": {
        "org.ajoberstar:grgit": {
            "locked": "2.2.0",
            "requested": "[2.0.0,)"
        }
    },
    "runtimeClasspath": {
        "org.ajoberstar:grgit": {
            "locked": "2.2.0",
            "requested": "[2.0.0,)"
        }
    },
    "testCompile": {
        "org.ajoberstar:grgit": {
            "locked": "2.2.0",
            "requested": "[2.0.0,)"
        }
    },
    "testCompileClasspath": {
        "org.ajoberstar:grgit": {
            "locked": "2.2.0",
            "requested": "[2.0.0,)"
        }
    },
    "testRuntime": {
        "org.ajoberstar:grgit": {
            "locked": "2.2.0",
            "requested": "[2.0.0,)"
        }
    },
    "testRuntimeClasspath": {
        "org.ajoberstar:grgit": {
            "locked": "2.2.0",
            "requested": "[2.0.0,)"
        }
    }
}